
Microsoft Visual Studio Solution File, Format Version 12.00
# Visual Studio Version 17
VisualStudioVersion = 17.11.35327.3
MinimumVisualStudioVersion = 10.0.40219.1
Project("{9A19103F-16F7-4668-BE54-9A1E7A4F7556}") = "MyApi", "MyApi.csproj", "{A5C4BCAB-F819-4166-8B73-658C4C299FE1}"
EndProject
Project("{FAE04EC0-301F-11D3-BF4B-00C04F79EFBC}") = "MyApi.Data", "..\MyApi.Data\MyApi.Data.csproj", "{5EC93A3C-0428-45B0-BDA7-8C79669FEC12}"
EndProject
Global
	GlobalSection(SolutionConfigurationPlatforms) = preSolution
		Debug|Any CPU = Debug|Any CPU
		Release|Any CPU = Release|Any CPU
	EndGlobalSection
	GlobalSection(ProjectConfigurationPlatforms) = postSolution
		{A5C4BCAB-F819-4166-8B73-658C4C299FE1}.Debug|Any CPU.ActiveCfg = Debug|Any CPU
		{A5C4BCAB-F819-4166-8B73-658C4C299FE1}.Debug|Any CPU.Build.0 = Debug|Any CPU
		{A5C4BCAB-F819-4166-8B73-658C4C299FE1}.Release|Any CPU.ActiveCfg = Release|Any CPU
		{A5C4BCAB-F819-4166-8B73-658C4C299FE1}.Release|Any CPU.Build.0 = Release|Any CPU
		{5EC93A3C-0428-45B0-BDA7-8C79669FEC12}.Debug|Any CPU.ActiveCfg = Debug|Any CPU
		{5EC93A3C-0428-45B0-BDA7-8C79669FEC12}.Debug|Any CPU.Build.0 = Debug|Any CPU
		{5EC93A3C-0428-45B0-BDA7-8C79669FEC12}.Release|Any CPU.ActiveCfg = Release|Any CPU
		{5EC93A3C-0428-45B0-BDA7-8C79669FEC12}.Release|Any CPU.Build.0 = Release|Any CPU
	EndGlobalSection
	GlobalSection(SolutionProperties) = preSolution
		HideSolutionNode = FALSE
	EndGlobalSection
	GlobalSection(ExtensibilityGlobals) = postSolution
		SolutionGuid = {50A8D865-0516-415D-BF8D-A356BC509192}
	EndGlobalSection
EndGlobal
